// !$*UTF8*$!
{
	archiveVersion = 1;
	classes = {
	};
	objectVersion = 77;
	objects = {

/* Begin PBXBuildFile section */
		5151003C2F4251D200369960 /* OnboardingView.swift in Sources */ = {isa = PBXBuildFile; fileRef = 5151003B2F4251D200369960 /* OnboardingView.swift */; };
		5151003E2F42525700369960 /* ContentView.swift in Sources */ = {isa = PBXBuildFile; fileRef = 5151003D2F42525700369960 /* ContentView.swift */; };
		5183AB3C2EF63F3E00ACA5A2 /* SSCApp.swift in Sources */ = {isa = PBXBuildFile; fileRef = 5183AB382EF63F3E00ACA5A2 /* SSCApp.swift */; };
		5183AB3D2EF63F3E00ACA5A2 /* Assets.xcassets in Resources */ = {isa = PBXBuildFile; fileRef = 5183AB342EF63F3E00ACA5A2 /* Assets.xcassets */; };
		5183AB4A2EFAD03E00ACA5A2 /* HomeView.swift in Sources */ = {isa = PBXBuildFile; fileRef = 5183AB492EFAD03E00ACA5A2 /* HomeView.swift */; };
		5183AB4E2EFAD12B00ACA5A2 /* CameraPreview.swift in Sources */ = {isa = PBXBuildFile; fileRef = 5183AB4D2EFAD12B00ACA5A2 /* CameraPreview.swift */; };
		5183AB512EFAD29600ACA5A2 /* Camera.swift in Sources */ = {isa = PBXBuildFile; fileRef = 5183AB502EFAD29600ACA5A2 /* Camera.swift */; };
		5183AB532EFAD4C300ACA5A2 /* CameraView.swift in Sources */ = {isa = PBXBuildFile; fileRef = 5183AB522EFAD4C300ACA5A2 /* CameraView.swift */; };
		5183ABD52EFB50E700ACA5A2 /* TextRecognization.swift in Sources */ = {isa = PBXBuildFile; fileRef = 5183ABD42EFB50E700ACA5A2 /* TextRecognization.swift */; };
		5183ABD72EFB678400ACA5A2 /* IngredientsListView.swift in Sources */ = {isa = PBXBuildFile; fileRef = 5183ABD62EFB677100ACA5A2 /* IngredientsListView.swift */; };
		51D8BE2F2F00215F00A36317 /* IngredientsViewModel.swift in Sources */ = {isa = PBXBuildFile; fileRef = 51D8BE2E2F00215F00A36317 /* IngredientsViewModel.swift */; };
		51D8BE372F0189CE00A36317 /* IngredientsModel.swift in Sources */ = {isa = PBXBuildFile; fileRef = 51D8BE362F0189CE00A36317 /* IngredientsModel.swift */; };
		51D8BE672F04A78C00A36317 /* ScanModel.swift in Sources */ = {isa = PBXBuildFile; fileRef = 51D8BE662F04A78C00A36317 /* ScanModel.swift */; };
		51F5AE7B2F0ABA59006DDA2E /* FoundationModelsManager.swift in Sources */ = {isa = PBXBuildFile; fileRef = 51F5AE7A2F0ABA59006DDA2E /* FoundationModelsManager.swift */; };
		51F5AE7F2F0C9684006DDA2E /* IngredientDetailView.swift in Sources */ = {isa = PBXBuildFile; fileRef = 51F5AE7E2F0C9684006DDA2E /* IngredientDetailView.swift */; };
/* End PBXBuildFile section */

/* Begin PBXFileReference section */
		5151003B2F4251D200369960 /* OnboardingView.swift */ = {isa = PBXFileReference; lastKnownFileType = sourcecode.swift; path = OnboardingView.swift; sourceTree = "<group>"; };
		5151003D2F42525700369960 /* ContentView.swift */ = {isa = PBXFileReference; lastKnownFileType = sourcecode.swift; path = ContentView.swift; sourceTree = "<group>"; };
		5183AB212EF63E9400ACA5A2 /* SSC.app */ = {isa = PBXFileReference; explicitFileType = wrapper.application; includeInIndex = 0; path = SSC.app; sourceTree = BUILT_PRODUCTS_DIR; };
		5183AB342EF63F3E00ACA5A2 /* Assets.xcassets */ = {isa = PBXFileReference; lastKnownFileType = folder.assetcatalog; path = Assets.xcassets; sourceTree = "<group>"; };
		5183AB382EF63F3E00ACA5A2 /* SSCApp.swift */ = {isa = PBXFileReference; lastKnownFileType = sourcecode.swift; path = SSCApp.swift; sourceTree = "<group>"; };
		5183AB492EFAD03E00ACA5A2 /* HomeView.swift */ = {isa = PBXFileReference; lastKnownFileType = sourcecode.swift; path = HomeView.swift; sourceTree = "<group>"; };
		5183AB4D2EFAD12B00ACA5A2 /* CameraPreview.swift */ = {isa = PBXFileReference; lastKnownFileType = sourcecode.swift; path = CameraPreview.swift; sourceTree = "<group>"; };
		5183AB502EFAD29600ACA5A2 /* Camera.swift */ = {isa = PBXFileReference; lastKnownFileType = sourcecode.swift; path = Camera.swift; sourceTree = "<group>"; };
		5183AB522EFAD4C300ACA5A2 /* CameraView.swift */ = {isa = PBXFileReference; lastKnownFileType = sourcecode.swift; path = CameraView.swift; sourceTree = "<group>"; };
		5183ABD42EFB50E700ACA5A2 /* TextRecognization.swift */ = {isa = PBXFileReference; lastKnownFileType = sourcecode.swift; path = TextRecognization.swift; sourceTree = "<group>"; };
		5183ABD62EFB677100ACA5A2 /* IngredientsListView.swift */ = {isa = PBXFileReference; lastKnownFileType = sourcecode.swift; path = IngredientsListView.swift; sourceTree = "<group>"; };
		51D8BE2E2F00215F00A36317 /* IngredientsViewModel.swift */ = {isa = PBXFileReference; lastKnownFileType = sourcecode.swift; path = IngredientsViewModel.swift; sourceTree = "<group>"; xcLanguageSpecificationIdentifier = xcode.lang.swift; };
		51D8BE362F0189CE00A36317 /* IngredientsModel.swift */ = {isa = PBXFileReference; lastKnownFileType = sourcecode.swift; path = IngredientsModel.swift; sourceTree = "<group>"; };
		51D8BE662F04A78C00A36317 /* ScanModel.swift */ = {isa = PBXFileReference; lastKnownFileType = sourcecode.swift; path = ScanModel.swift; sourceTree = "<group>"; };
		51F5AE7A2F0ABA59006DDA2E /* FoundationModelsManager.swift */ = {isa = PBXFileReference; lastKnownFileType = sourcecode.swift; path = FoundationModelsManager.swift; sourceTree = "<group>"; };
		51F5AE7E2F0C9684006DDA2E /* IngredientDetailView.swift */ = {isa = PBXFileReference; lastKnownFileType = sourcecode.swift; path = IngredientDetailView.swift; sourceTree = "<group>"; };
/* End PBXFileReference section */

/* Begin PBXFrameworksBuildPhase section */
		5183AB1E2EF63E9400ACA5A2 /* Frameworks */ = {
			isa = PBXFrameworksBuildPhase;
			buildActionMask = 2147483647;
			files = (
			);
			runOnlyForDeploymentPostprocessing = 0;
		};
/* End PBXFrameworksBuildPhase section */

/* Begin PBXGroup section */
		5183AB182EF63E9400ACA5A2 = {
			isa = PBXGroup;
			children = (
				5183AB392EF63F3E00ACA5A2 /* SSC */,
				5183AB222EF63E9400ACA5A2 /* Products */,
			);
			sourceTree = "<group>";
		};
		5183AB222EF63E9400ACA5A2 /* Products */ = {
			isa = PBXGroup;
			children = (
				5183AB212EF63E9400ACA5A2 /* SSC.app */,
			);
			name = Products;
			sourceTree = "<group>";
		};
		5183AB392EF63F3E00ACA5A2 /* SSC */ = {
			isa = PBXGroup;
			children = (
				5183AB382EF63F3E00ACA5A2 /* SSCApp.swift */,
				5183AB342EF63F3E00ACA5A2 /* Assets.xcassets */,
				518E44862F1B15A100C0E08B /* Model */,
				5183AB4B2EFAD11200ACA5A2 /* Camera */,
				5183AB452EFACDF500ACA5A2 /* View */,
				518E44872F1B160000C0E08B /* ViewModel */,
			);
			path = SSC;
			sourceTree = "<group>";
		};
		5183AB452EFACDF500ACA5A2 /* View */ = {
			isa = PBXGroup;
			children = (
				5151003D2F42525700369960 /* ContentView.swift */,
				5151003B2F4251D200369960 /* OnboardingView.swift */,
				5183AB492EFAD03E00ACA5A2 /* HomeView.swift */,
				5183AB522EFAD4C300ACA5A2 /* CameraView.swift */,
				5183ABD62EFB677100ACA5A2 /* IngredientsListView.swift */,
				51F5AE7E2F0C9684006DDA2E /* IngredientDetailView.swift */,
			);
			path = View;
			sourceTree = "<group>";
		};
		5183AB4B2EFAD11200ACA5A2 /* Camera */ = {
			isa = PBXGroup;
			children = (
				5183AB4D2EFAD12B00ACA5A2 /* CameraPreview.swift */,
				5183AB502EFAD29600ACA5A2 /* Camera.swift */,
			);
			path = Camera;
			sourceTree = "<group>";
		};
		518E44862F1B15A100C0E08B /* Model */ = {
			isa = PBXGroup;
			children = (
				51D8BE662F04A78C00A36317 /* ScanModel.swift */,
				51D8BE362F0189CE00A36317 /* IngredientsModel.swift */,
			);
			path = Model;
			sourceTree = "<group>";
		};
		518E44872F1B160000C0E08B /* ViewModel */ = {
			isa = PBXGroup;
			children = (
				51D8BE2E2F00215F00A36317 /* IngredientsViewModel.swift */,
				518E44892F1B16AE00C0E08B /* FoundationModels */,
				518E44882F1B16A800C0E08B /* Vision */,
			);
			path = ViewModel;
			sourceTree = "<group>";
		};
		518E44882F1B16A800C0E08B /* Vision */ = {
			isa = PBXGroup;
			children = (
				5183ABD42EFB50E700ACA5A2 /* TextRecognization.swift */,
			);
			path = Vision;
			sourceTree = "<group>";
		};
		518E44892F1B16AE00C0E08B /* FoundationModels */ = {
			isa = PBXGroup;
			children = (
				51F5AE7A2F0ABA59006DDA2E /* FoundationModelsManager.swift */,
			);
			path = FoundationModels;
			sourceTree = "<group>";
		};
/* End PBXGroup section */

/* Begin PBXNativeTarget section */
		5183AB202EF63E9400ACA5A2 /* SSC */ = {
			isa = PBXNativeTarget;
			buildConfigurationList = 5183AB2E2EF63E9600ACA5A2 /* Build configuration list for PBXNativeTarget "SSC" */;
			buildPhases = (
				5183AB1D2EF63E9400ACA5A2 /* Sources */,
				5183AB1E2EF63E9400ACA5A2 /* Frameworks */,
				5183AB1F2EF63E9400ACA5A2 /* Resources */,
			);
			buildRules = (
			);
			dependencies = (
			);
			name = SSC;
			packageProductDependencies = (
			);
			productName = SSC;
			productReference = 5183AB212EF63E9400ACA5A2 /* SSC.app */;
			productType = "com.apple.product-type.application";
		};
/* End PBXNativeTarget section */

/* Begin PBXProject section */
		5183AB192EF63E9400ACA5A2 /* Project object */ = {
			isa = PBXProject;
			attributes = {
				BuildIndependentTargetsInParallel = 1;
				LastSwiftUpdateCheck = 2600;
				LastUpgradeCheck = 2620;
				TargetAttributes = {
					5183AB202EF63E9400ACA5A2 = {
						CreatedOnToolsVersion = 26.0;
					};
				};
			};
			buildConfigurationList = 5183AB1C2EF63E9400ACA5A2 /* Build configuration list for PBXProject "SSC" */;
			developmentRegion = en;
			hasScannedForEncodings = 0;
			knownRegions = (
				en,
				Base,
			);
			mainGroup = 5183AB182EF63E9400ACA5A2;
			minimizedProjectReferenceProxies = 1;
			preferredProjectObjectVersion = 77;
			productRefGroup = 5183AB222EF63E9400ACA5A2 /* Products */;
			projectDirPath = "";
			projectRoot = "";
			targets = (
				5183AB202EF63E9400ACA5A2 /* SSC */,
			);
		};
/* End PBXProject section */

/* Begin PBXResourcesBuildPhase section */
		5183AB1F2EF63E9400ACA5A2 /* Resources */ = {
			isa = PBXResourcesBuildPhase;
			buildActionMask = 2147483647;
			files = (
				5183AB3D2EF63F3E00ACA5A2 /* Assets.xcassets in Resources */,
			);
			runOnlyForDeploymentPostprocessing = 0;
		};
/* End PBXResourcesBuildPhase section */

/* Begin PBXSourcesBuildPhase section */
		5183AB1D2EF63E9400ACA5A2 /* Sources */ = {
			isa = PBXSourcesBuildPhase;
			buildActionMask = 2147483647;
			files = (
				5183ABD72EFB678400ACA5A2 /* IngredientsListView.swift in Sources */,
				51D8BE672F04A78C00A36317 /* ScanModel.swift in Sources */,
				5183AB4E2EFAD12B00ACA5A2 /* CameraPreview.swift in Sources */,
				5183ABD52EFB50E700ACA5A2 /* TextRecognization.swift in Sources */,
				5183AB532EFAD4C300ACA5A2 /* CameraView.swift in Sources */,
				5151003E2F42525700369960 /* ContentView.swift in Sources */,
				51F5AE7B2F0ABA59006DDA2E /* FoundationModelsManager.swift in Sources */,
				51D8BE372F0189CE00A36317 /* IngredientsModel.swift in Sources */,
				5151003C2F4251D200369960 /* OnboardingView.swift in Sources */,
				5183AB512EFAD29600ACA5A2 /* Camera.swift in Sources */,
				51F5AE7F2F0C9684006DDA2E /* IngredientDetailView.swift in Sources */,
				5183AB4A2EFAD03E00ACA5A2 /* HomeView.swift in Sources */,
				5183AB3C2EF63F3E00ACA5A2 /* SSCApp.swift in Sources */,
				51D8BE2F2F00215F00A36317 /* IngredientsViewModel.swift in Sources */,
			);
			runOnlyForDeploymentPostprocessing = 0;
		};
/* End PBXSourcesBuildPhase section */

/* Begin XCBuildConfiguration section */
		5183AB2C2EF63E9600ACA5A2 /* Debug */ = {
			isa = XCBuildConfiguration;
			buildSettings = {
				ALWAYS_SEARCH_USER_PATHS = NO;
				ASSETCATALOG_COMPILER_GENERATE_SWIFT_ASSET_SYMBOL_EXTENSIONS = YES;
				CLANG_ANALYZER_NONNULL = YES;
				CLANG_ANALYZER_NUMBER_OBJECT_CONVERSION = YES_AGGRESSIVE;
				CLANG_CXX_LANGUAGE_STANDARD = "gnu++20";
				CLANG_ENABLE_MODULES = YES;
				CLANG_ENABLE_OBJC_ARC = YES;
				CLANG_ENABLE_OBJC_WEAK = YES;
				CLANG_WARN_BLOCK_CAPTURE_AUTORELEASING = YES;
				CLANG_WARN_BOOL_CONVERSION = YES;
				CLANG_WARN_COMMA = YES;
				CLANG_WARN_CONSTANT_CONVERSION = YES;
				CLANG_WARN_DEPRECATED_OBJC_IMPLEMENTATIONS = YES;
				CLANG_WARN_DIRECT_OBJC_ISA_USAGE = YES_ERROR;
				CLANG_WARN_DOCUMENTATION_COMMENTS = YES;
				CLANG_WARN_EMPTY_BODY = YES;
				CLANG_WARN_ENUM_CONVERSION = YES;
				CLANG_WARN_INFINITE_RECURSION = YES;
				CLANG_WARN_INT_CONVERSION = YES;
				CLANG_WARN_NON_LITERAL_NULL_CONVERSION = YES;
				CLANG_WARN_OBJC_IMPLICIT_RETAIN_SELF = YES;
				CLANG_WARN_OBJC_LITERAL_CONVERSION = YES;
				CLANG_WARN_OBJC_ROOT_CLASS = YES_ERROR;
				CLANG_WARN_QUOTED_INCLUDE_IN_FRAMEWORK_HEADER = YES;
				CLANG_WARN_RANGE_LOOP_ANALYSIS = YES;
				CLANG_WARN_STRICT_PROTOTYPES = YES;
				CLANG_WARN_SUSPICIOUS_MOVE = YES;
				CLANG_WARN_UNGUARDED_AVAILABILITY = YES_AGGRESSIVE;
				CLANG_WARN_UNREACHABLE_CODE = YES;
				CLANG_WARN__DUPLICATE_METHOD_MATCH = YES;
				COPY_PHASE_STRIP = NO;
				DEBUG_INFORMATION_FORMAT = dwarf;
				DEVELOPMENT_TEAM = ARY55MH724;
				ENABLE_STRICT_OBJC_MSGSEND = YES;
				ENABLE_TESTABILITY = YES;
				ENABLE_USER_SCRIPT_SANDBOXING = YES;
				GCC_C_LANGUAGE_STANDARD = gnu17;
				GCC_DYNAMIC_NO_PIC = NO;
				GCC_NO_COMMON_BLOCKS = YES;
				GCC_OPTIMIZATION_LEVEL = 0;
				GCC_PREPROCESSOR_DEFINITIONS = (
					"DEBUG=1",
					"$(inherited)",
				);
				GCC_WARN_64_TO_32_BIT_CONVERSION = YES;
				GCC_WARN_ABOUT_RETURN_TYPE = YES_ERROR;
				GCC_WARN_UNDECLARED_SELECTOR = YES;
				GCC_WARN_UNINITIALIZED_AUTOS = YES_AGGRESSIVE;
				GCC_WARN_UNUSED_FUNCTION = YES;
				GCC_WARN_UNUSED_VARIABLE = YES;
				IPHONEOS_DEPLOYMENT_TARGET = 26.0;
				LOCALIZATION_PREFERS_STRING_CATALOGS = YES;
				MTL_ENABLE_DEBUG_INFO = INCLUDE_SOURCE;
				MTL_FAST_MATH = YES;
				ONLY_ACTIVE_ARCH = YES;
				SDKROOT = iphoneos;
				STRING_CATALOG_GENERATE_SYMBOLS = YES;
				SWIFT_ACTIVE_COMPILATION_CONDITIONS = "DEBUG $(inherited)";
				SWIFT_OPTIMIZATION_LEVEL = "-Onone";
			};
			name = Debug;
		};
		5183AB2D2EF63E9600ACA5A2 /* Release */ = {
			isa = XCBuildConfiguration;
			buildSettings = {
				ALWAYS_SEARCH_USER_PATHS = NO;
				ASSETCATALOG_COMPILER_GENERATE_SWIFT_ASSET_SYMBOL_EXTENSIONS = YES;
				CLANG_ANALYZER_NONNULL = YES;
				CLANG_ANALYZER_NUMBER_OBJECT_CONVERSION = YES_AGGRESSIVE;
				CLANG_CXX_LANGUAGE_STANDARD = "gnu++20";
				CLANG_ENABLE_MODULES = YES;
				CLANG_ENABLE_OBJC_ARC = YES;
				CLANG_ENABLE_OBJC_WEAK = YES;
				CLANG_WARN_BLOCK_CAPTURE_AUTORELEASING = YES;
				CLANG_WARN_BOOL_CONVERSION = YES;
				CLANG_WARN_COMMA = YES;
				CLANG_WARN_CONSTANT_CONVERSION = YES;
				CLANG_WARN_DEPRECATED_OBJC_IMPLEMENTATIONS = YES;
				CLANG_WARN_DIRECT_OBJC_ISA_USAGE = YES_ERROR;
				CLANG_WARN_DOCUMENTATION_COMMENTS = YES;
				CLANG_WARN_EMPTY_BODY = YES;
				CLANG_WARN_ENUM_CONVERSION = YES;
				CLANG_WARN_INFINITE_RECURSION = YES;
				CLANG_WARN_INT_CONVERSION = YES;
				CLANG_WARN_NON_LITERAL_NULL_CONVERSION = YES;
				CLANG_WARN_OBJC_IMPLICIT_RETAIN_SELF = YES;
				CLANG_WARN_OBJC_LITERAL_CONVERSION = YES;
				CLANG_WARN_OBJC_ROOT_CLASS = YES_ERROR;
				CLANG_WARN_QUOTED_INCLUDE_IN_FRAMEWORK_HEADER = YES;
				CLANG_WARN_RANGE_LOOP_ANALYSIS = YES;
				CLANG_WARN_STRICT_PROTOTYPES = YES;
				CLANG_WARN_SUSPICIOUS_MOVE = YES;
				CLANG_WARN_UNGUARDED_AVAILABILITY = YES_AGGRESSIVE;
				CLANG_WARN_UNREACHABLE_CODE = YES;
				CLANG_WARN__DUPLICATE_METHOD_MATCH = YES;
				COPY_PHASE_STRIP = NO;
				DEBUG_INFORMATION_FORMAT = "dwarf-with-dsym";
				DEVELOPMENT_TEAM = ARY55MH724;
				ENABLE_NS_ASSERTIONS = NO;
				ENABLE_STRICT_OBJC_MSGSEND = YES;
				ENABLE_USER_SCRIPT_SANDBOXING = YES;
				GCC_C_LANGUAGE_STANDARD = gnu17;
				GCC_NO_COMMON_BLOCKS = YES;
				GCC_WARN_64_TO_32_BIT_CONVERSION = YES;
				GCC_WARN_ABOUT_RETURN_TYPE = YES_ERROR;
				GCC_WARN_UNDECLARED_SELECTOR = YES;
				GCC_WARN_UNINITIALIZED_AUTOS = YES_AGGRESSIVE;
				GCC_WARN_UNUSED_FUNCTION = YES;
				GCC_WARN_UNUSED_VARIABLE = YES;
				IPHONEOS_DEPLOYMENT_TARGET = 26.0;
				LOCALIZATION_PREFERS_STRING_CATALOGS = YES;
				MTL_ENABLE_DEBUG_INFO = NO;
				MTL_FAST_MATH = YES;
				SDKROOT = iphoneos;
				STRING_CATALOG_GENERATE_SYMBOLS = YES;
				SWIFT_COMPILATION_MODE = wholemodule;
				VALIDATE_PRODUCT = YES;
			};
			name = Release;
		};
		5183AB2F2EF63E9600ACA5A2 /* Debug */ = {
			isa = XCBuildConfiguration;
			buildSettings = {
				ASSETCATALOG_COMPILER_APPICON_NAME = AppIcon;
				ASSETCATALOG_COMPILER_GLOBAL_ACCENT_COLOR_NAME = AccentColor;
				CODE_SIGN_STYLE = Automatic;
				CURRENT_PROJECT_VERSION = 1;
				DEVELOPMENT_TEAM = ARY55MH724;
				ENABLE_PREVIEWS = YES;
				GENERATE_INFOPLIST_FILE = YES;
				INFOPLIST_KEY_NSCameraUsageDescription = "The app needs access to your camera to scan for ingredients.";
				INFOPLIST_KEY_UIApplicationSceneManifest_Generation = YES;
				INFOPLIST_KEY_UIApplicationSupportsIndirectInputEvents = YES;
				INFOPLIST_KEY_UILaunchScreen_Generation = YES;
				INFOPLIST_KEY_UISupportedInterfaceOrientations_iPad = "UIInterfaceOrientationPortrait UIInterfaceOrientationPortraitUpsideDown UIInterfaceOrientationLandscapeLeft UIInterfaceOrientationLandscapeRight";
				INFOPLIST_KEY_UISupportedInterfaceOrientations_iPhone = "UIInterfaceOrientationPortrait UIInterfaceOrientationLandscapeLeft UIInterfaceOrientationLandscapeRight";
				LD_RUNPATH_SEARCH_PATHS = (
					"$(inherited)",
					"@executable_path/Frameworks",
				);
				MARKETING_VERSION = 1.0;
				PRODUCT_BUNDLE_IDENTIFIER = com.pp.SSC;
				PRODUCT_NAME = "$(TARGET_NAME)";
				STRING_CATALOG_GENERATE_SYMBOLS = YES;
				SWIFT_APPROACHABLE_CONCURRENCY = YES;
				SWIFT_DEFAULT_ACTOR_ISOLATION = MainActor;
				SWIFT_EMIT_LOC_STRINGS = YES;
				SWIFT_UPCOMING_FEATURE_MEMBER_IMPORT_VISIBILITY = YES;
				SWIFT_VERSION = 5.0;
				TARGETED_DEVICE_FAMILY = "1,2";
			};
			name = Debug;
		};
		5183AB302EF63E9600ACA5A2 /* Release */ = {
			isa = XCBuildConfiguration;
			buildSettings = {
				ASSETCATALOG_COMPILER_APPICON_NAME = AppIcon;
				ASSETCATALOG_COMPILER_GLOBAL_ACCENT_COLOR_NAME = AccentColor;
				CODE_SIGN_STYLE = Automatic;
				CURRENT_PROJECT_VERSION = 1;
				DEVELOPMENT_TEAM = ARY55MH724;
				ENABLE_PREVIEWS = YES;
				GENERATE_INFOPLIST_FILE = YES;
				INFOPLIST_KEY_NSCameraUsageDescription = "The app needs access to your camera to scan for ingredients.";
				INFOPLIST_KEY_UIApplicationSceneManifest_Generation = YES;
				INFOPLIST_KEY_UIApplicationSupportsIndirectInputEvents = YES;
				INFOPLIST_KEY_UILaunchScreen_Generation = YES;
				INFOPLIST_KEY_UISupportedInterfaceOrientations_iPad = "UIInterfaceOrientationPortrait UIInterfaceOrientationPortraitUpsideDown UIInterfaceOrientationLandscapeLeft UIInterfaceOrientationLandscapeRight";
				INFOPLIST_KEY_UISupportedInterfaceOrientations_iPhone = "UIInterfaceOrientationPortrait UIInterfaceOrientationLandscapeLeft UIInterfaceOrientationLandscapeRight";
				LD_RUNPATH_SEARCH_PATHS = (
					"$(inherited)",
					"@executable_path/Frameworks",
				);
				MARKETING_VERSION = 1.0;
				PRODUCT_BUNDLE_IDENTIFIER = com.pp.SSC;
				PRODUCT_NAME = "$(TARGET_NAME)";
				STRING_CATALOG_GENERATE_SYMBOLS = YES;
				SWIFT_APPROACHABLE_CONCURRENCY = YES;
				SWIFT_DEFAULT_ACTOR_ISOLATION = MainActor;
				SWIFT_EMIT_LOC_STRINGS = YES;
				SWIFT_UPCOMING_FEATURE_MEMBER_IMPORT_VISIBILITY = YES;
				SWIFT_VERSION = 5.0;
				TARGETED_DEVICE_FAMILY = "1,2";
			};
			name = Release;
		};
/* End XCBuildConfiguration section */

/* Begin XCConfigurationList section */
		5183AB1C2EF63E9400ACA5A2 /* Build configuration list for PBXProject "SSC" */ = {
			isa = XCConfigurationList;
			buildConfigurations = (
				5183AB2C2EF63E9600ACA5A2 /* Debug */,
				5183AB2D2EF63E9600ACA5A2 /* Release */,
			);
			defaultConfigurationIsVisible = 0;
			defaultConfigurationName = Release;
		};
		5183AB2E2EF63E9600ACA5A2 /* Build configuration list for PBXNativeTarget "SSC" */ = {
			isa = XCConfigurationList;
			buildConfigurations = (
				5183AB2F2EF63E9600ACA5A2 /* Debug */,
				5183AB302EF63E9600ACA5A2 /* Release */,
			);
			defaultConfigurationIsVisible = 0;
			defaultConfigurationName = Release;
		};
/* End XCConfigurationList section */
	};
	rootObject = 5183AB192EF63E9400ACA5A2 /* Project object */;
}
